// !$*UTF8*$!
{
	archiveVersion = 1;
	classes = {
	};
	objectVersion = 51;
	objects = {

/* Begin PBXBuildFile section */
		4EB1EA92BDD4175992D4A2A8 /* Pods_Snacktacular.framework in Frameworks */ = {isa = PBXBuildFile; fileRef = 4BBC4D0B9E0F28C247576159 /* Pods_Snacktacular.framework */; };
		EA0606302443FF7A00EE63F5 /* GoogleService-Info.plist in Resources */ = {isa = PBXBuildFile; fileRef = EA06062F2443FF7A00EE63F5 /* GoogleService-Info.plist */; };
		EA060636244DEA1B00EE63F5 /* Double+roundTo.swift in Sources */ = {isa = PBXBuildFile; fileRef = EA060635244DEA1B00EE63F5 /* Double+roundTo.swift */; };
		EA060638244DF22100EE63F5 /* UIView+addBorder.swift in Sources */ = {isa = PBXBuildFile; fileRef = EA060637244DF22100EE63F5 /* UIView+addBorder.swift */; };
		EA06063A244E021700EE63F5 /* ReviewTableViewController.swift in Sources */ = {isa = PBXBuildFile; fileRef = EA060639244E021700EE63F5 /* ReviewTableViewController.swift */; };
		EA06063C244E103000EE63F5 /* Review.swift in Sources */ = {isa = PBXBuildFile; fileRef = EA06063B244E103000EE63F5 /* Review.swift */; };
		EA06063E244E1CE200EE63F5 /* Reviews.swift in Sources */ = {isa = PBXBuildFile; fileRef = EA06063D244E1CE200EE63F5 /* Reviews.swift */; };
		EA1105512443F87D00D0292F /* AppDelegate.swift in Sources */ = {isa = PBXBuildFile; fileRef = EA1105502443F87D00D0292F /* AppDelegate.swift */; };
		EA1105532443F87D00D0292F /* SceneDelegate.swift in Sources */ = {isa = PBXBuildFile; fileRef = EA1105522443F87D00D0292F /* SceneDelegate.swift */; };
		EA1105552443F87D00D0292F /* ViewController.swift in Sources */ = {isa = PBXBuildFile; fileRef = EA1105542443F87D00D0292F /* ViewController.swift */; };
		EA1105582443F87D00D0292F /* Main.storyboard in Resources */ = {isa = PBXBuildFile; fileRef = EA1105562443F87D00D0292F /* Main.storyboard */; };
		EA11055A2443F88300D0292F /* Assets.xcassets in Resources */ = {isa = PBXBuildFile; fileRef = EA1105592443F88300D0292F /* Assets.xcassets */; };
		EA11055D2443F88300D0292F /* LaunchScreen.storyboard in Resources */ = {isa = PBXBuildFile; fileRef = EA11055B2443F88300D0292F /* LaunchScreen.storyboard */; };
		EA1105652443F8BD00D0292F /* Spots.swift in Sources */ = {isa = PBXBuildFile; fileRef = EA1105642443F8BD00D0292F /* Spots.swift */; };
		EA1105672443F8D500D0292F /* Spot.swift in Sources */ = {isa = PBXBuildFile; fileRef = EA1105662443F8D500D0292F /* Spot.swift */; };
		EA1105692443F8F400D0292F /* SpotListViewController.swift in Sources */ = {isa = PBXBuildFile; fileRef = EA1105682443F8F400D0292F /* SpotListViewController.swift */; };
		EA11056B2443F93600D0292F /* SpotsTableViewCell.swift in Sources */ = {isa = PBXBuildFile; fileRef = EA11056A2443F93600D0292F /* SpotsTableViewCell.swift */; };
		EA11056D2443F95300D0292F /* SpotDetailViewController.swift in Sources */ = {isa = PBXBuildFile; fileRef = EA11056C2443F95300D0292F /* SpotDetailViewController.swift */; };
		EA11056F2443F98F00D0292F /* SpotReviewsTableViewCell.swift in Sources */ = {isa = PBXBuildFile; fileRef = EA11056E2443F98F00D0292F /* SpotReviewsTableViewCell.swift */; };
		EA1105712443F9D300D0292F /* SpotPhotosCollectionViewCell.swift in Sources */ = {isa = PBXBuildFile; fileRef = EA1105702443F9D300D0292F /* SpotPhotosCollectionViewCell.swift */; };
/* End PBXBuildFile section */

/* Begin PBXFileReference section */
		4BBC4D0B9E0F28C247576159 /* Pods_Snacktacular.framework */ = {isa = PBXFileReference; explicitFileType = wrapper.framework; includeInIndex = 0; path = Pods_Snacktacular.framework; sourceTree = BUILT_PRODUCTS_DIR; };
		D5AA5FF2C69AC9C7ADA0EADA /* Pods-Snacktacular.release.xcconfig */ = {isa = PBXFileReference; includeInIndex = 1; lastKnownFileType = text.xcconfig; name = "Pods-Snacktacular.release.xcconfig"; path = "Target Support Files/Pods-Snacktacular/Pods-Snacktacular.release.xcconfig"; sourceTree = "<group>"; };
		DECA5AE1C8A55063D9D8E8FB /* Pods-Snacktacular.debug.xcconfig */ = {isa = PBXFileReference; includeInIndex = 1; lastKnownFileType = text.xcconfig; name = "Pods-Snacktacular.debug.xcconfig"; path = "Target Support Files/Pods-Snacktacular/Pods-Snacktacular.debug.xcconfig"; sourceTree = "<group>"; };
		EA06062F2443FF7A00EE63F5 /* GoogleService-Info.plist */ = {isa = PBXFileReference; lastKnownFileType = text.plist; path = "GoogleService-Info.plist"; sourceTree = SOURCE_ROOT; };
		EA060635244DEA1B00EE63F5 /* Double+roundTo.swift */ = {isa = PBXFileReference; lastKnownFileType = sourcecode.swift; path = "Double+roundTo.swift"; sourceTree = "<group>"; };
		EA060637244DF22100EE63F5 /* UIView+addBorder.swift */ = {isa = PBXFileReference; lastKnownFileType = sourcecode.swift; path = "UIView+addBorder.swift"; sourceTree = "<group>"; };
		EA060639244E021700EE63F5 /* ReviewTableViewController.swift */ = {isa = PBXFileReference; lastKnownFileType = sourcecode.swift; path = ReviewTableViewController.swift; sourceTree = "<group>"; };
		EA06063B244E103000EE63F5 /* Review.swift */ = {isa = PBXFileReference; lastKnownFileType = sourcecode.swift; path = Review.swift; sourceTree = "<group>"; };
		EA06063D244E1CE200EE63F5 /* Reviews.swift */ = {isa = PBXFileReference; lastKnownFileType = sourcecode.swift; path = Reviews.swift; sourceTree = "<group>"; };
		EA11054D2443F87D00D0292F /* Snacktacular.app */ = {isa = PBXFileReference; explicitFileType = wrapper.application; includeInIndex = 0; path = Snacktacular.app; sourceTree = BUILT_PRODUCTS_DIR; };
		EA1105502443F87D00D0292F /* AppDelegate.swift */ = {isa = PBXFileReference; lastKnownFileType = sourcecode.swift; path = AppDelegate.swift; sourceTree = "<group>"; };
		EA1105522443F87D00D0292F /* SceneDelegate.swift */ = {isa = PBXFileReference; lastKnownFileType = sourcecode.swift; path = SceneDelegate.swift; sourceTree = "<group>"; };
		EA1105542443F87D00D0292F /* ViewController.swift */ = {isa = PBXFileReference; lastKnownFileType = sourcecode.swift; path = ViewController.swift; sourceTree = "<group>"; };
		EA1105572443F87D00D0292F /* Base */ = {isa = PBXFileReference; lastKnownFileType = file.storyboard; name = Base; path = Base.lproj/Main.storyboard; sourceTree = "<group>"; };
		EA1105592443F88300D0292F /* Assets.xcassets */ = {isa = PBXFileReference; lastKnownFileType = folder.assetcatalog; path = Assets.xcassets; sourceTree = "<group>"; };
		EA11055C2443F88300D0292F /* Base */ = {isa = PBXFileReference; lastKnownFileType = file.storyboard; name = Base; path = Base.lproj/LaunchScreen.storyboard; sourceTree = "<group>"; };
		EA11055E2443F88300D0292F /* Info.plist */ = {isa = PBXFileReference; lastKnownFileType = text.plist.xml; path = Info.plist; sourceTree = "<group>"; };
		EA1105642443F8BD00D0292F /* Spots.swift */ = {isa = PBXFileReference; lastKnownFileType = sourcecode.swift; path = Spots.swift; sourceTree = "<group>"; };
		EA1105662443F8D500D0292F /* Spot.swift */ = {isa = PBXFileReference; lastKnownFileType = sourcecode.swift; path = Spot.swift; sourceTree = "<group>"; };
		EA1105682443F8F400D0292F /* SpotListViewController.swift */ = {isa = PBXFileReference; lastKnownFileType = sourcecode.swift; path = SpotListViewController.swift; sourceTree = "<group>"; };
		EA11056A2443F93600D0292F /* SpotsTableViewCell.swift */ = {isa = PBXFileReference; lastKnownFileType = sourcecode.swift; path = SpotsTableViewCell.swift; sourceTree = "<group>"; };
		EA11056C2443F95300D0292F /* SpotDetailViewController.swift */ = {isa = PBXFileReference; lastKnownFileType = sourcecode.swift; path = SpotDetailViewController.swift; sourceTree = "<group>"; };
		EA11056E2443F98F00D0292F /* SpotReviewsTableViewCell.swift */ = {isa = PBXFileReference; lastKnownFileType = sourcecode.swift; path = SpotReviewsTableViewCell.swift; sourceTree = "<group>"; };
		EA1105702443F9D300D0292F /* SpotPhotosCollectionViewCell.swift */ = {isa = PBXFileReference; lastKnownFileType = sourcecode.swift; path = SpotPhotosCollectionViewCell.swift; sourceTree = "<group>"; };
/* End PBXFileReference section */

/* Begin PBXFrameworksBuildPhase section */
		EA11054A2443F87D00D0292F /* Frameworks */ = {
			isa = PBXFrameworksBuildPhase;
			buildActionMask = 2147483647;
			files = (
				4EB1EA92BDD4175992D4A2A8 /* Pods_Snacktacular.framework in Frameworks */,
			);
			runOnlyForDeploymentPostprocessing = 0;
		};
/* End PBXFrameworksBuildPhase section */

/* Begin PBXGroup section */
		1D44827F2740CDFD5028007B /* Pods */ = {
			isa = PBXGroup;
			children = (
				DECA5AE1C8A55063D9D8E8FB /* Pods-Snacktacular.debug.xcconfig */,
				D5AA5FF2C69AC9C7ADA0EADA /* Pods-Snacktacular.release.xcconfig */,
			);
			path = Pods;
			sourceTree = "<group>";
		};
		E0AAD23D574485F135E97BE1 /* Frameworks */ = {
			isa = PBXGroup;
			children = (
				4BBC4D0B9E0F28C247576159 /* Pods_Snacktacular.framework */,
			);
			name = Frameworks;
			sourceTree = "<group>";
		};
		EA1105442443F87D00D0292F = {
			isa = PBXGroup;
			children = (
				EA11054F2443F87D00D0292F /* Snacktacular */,
				EA11054E2443F87D00D0292F /* Products */,
				1D44827F2740CDFD5028007B /* Pods */,
				E0AAD23D574485F135E97BE1 /* Frameworks */,
			);
			sourceTree = "<group>";
		};
		EA11054E2443F87D00D0292F /* Products */ = {
			isa = PBXGroup;
			children = (
				EA11054D2443F87D00D0292F /* Snacktacular.app */,
			);
			name = Products;
			sourceTree = "<group>";
		};
		EA11054F2443F87D00D0292F /* Snacktacular */ = {
			isa = PBXGroup;
			children = (
				EA1105502443F87D00D0292F /* AppDelegate.swift */,
				EA1105642443F8BD00D0292F /* Spots.swift */,
				EA1105662443F8D500D0292F /* Spot.swift */,
				EA06063D244E1CE200EE63F5 /* Reviews.swift */,
				EA06063B244E103000EE63F5 /* Review.swift */,
				EA1105682443F8F400D0292F /* SpotListViewController.swift */,
				EA11056A2443F93600D0292F /* SpotsTableViewCell.swift */,
				EA11056C2443F95300D0292F /* SpotDetailViewController.swift */,
				EA11056E2443F98F00D0292F /* SpotReviewsTableViewCell.swift */,
				EA1105702443F9D300D0292F /* SpotPhotosCollectionViewCell.swift */,
				EA060639244E021700EE63F5 /* ReviewTableViewController.swift */,
				EA060635244DEA1B00EE63F5 /* Double+roundTo.swift */,
				EA060637244DF22100EE63F5 /* UIView+addBorder.swift */,
				EA1105522443F87D00D0292F /* SceneDelegate.swift */,
				EA1105542443F87D00D0292F /* ViewController.swift */,
				EA1105562443F87D00D0292F /* Main.storyboard */,
				EA1105592443F88300D0292F /* Assets.xcassets */,
				EA11055B2443F88300D0292F /* LaunchScreen.storyboard */,
				EA11055E2443F88300D0292F /* Info.plist */,
				EA06062F2443FF7A00EE63F5 /* GoogleService-Info.plist */,
			);
			path = Snacktacular;
			sourceTree = "<group>";
		};
/* End PBXGroup section */

/* Begin PBXNativeTarget section */
		EA11054C2443F87D00D0292F /* Snacktacular */ = {
			isa = PBXNativeTarget;
			buildConfigurationList = EA1105612443F88300D0292F /* Build configuration list for PBXNativeTarget "Snacktacular" */;
			buildPhases = (
				7787321D637054ED199BDBB2 /* [CP] Check Pods Manifest.lock */,
				EA1105492443F87D00D0292F /* Sources */,
				EA11054A2443F87D00D0292F /* Frameworks */,
				EA11054B2443F87D00D0292F /* Resources */,
				953B36ABC8BADF4250103BBC /* [CP] Embed Pods Frameworks */,
				F02AF8075540B6F447D0974E /* [CP] Copy Pods Resources */,
			);
			buildRules = (
			);
			dependencies = (
			);
			name = Snacktacular;
			productName = Snacktacular;
			productReference = EA11054D2443F87D00D0292F /* Snacktacular.app */;
			productType = "com.apple.product-type.application";
		};
/* End PBXNativeTarget section */

/* Begin PBXProject section */
		EA1105452443F87D00D0292F /* Project object */ = {
			isa = PBXProject;
			attributes = {
				LastSwiftUpdateCheck = 1130;
				LastUpgradeCheck = 1130;
				ORGANIZATIONNAME = "Christopher Greene";
				TargetAttributes = {
					EA11054C2443F87D00D0292F = {
						CreatedOnToolsVersion = 11.3;
					};
				};
			};
			buildConfigurationList = EA1105482443F87D00D0292F /* Build configuration list for PBXProject "Snacktacular" */;
			compatibilityVersion = "Xcode 9.3";
			developmentRegion = en;
			hasScannedForEncodings = 0;
			knownRegions = (
				en,
				Base,
			);
			mainGroup = EA1105442443F87D00D0292F;
			productRefGroup = EA11054E2443F87D00D0292F /* Products */;
			projectDirPath = "";
			projectRoot = "";
			targets = (
				EA11054C2443F87D00D0292F /* Snacktacular */,
			);
		};
/* End PBXProject section */

/* Begin PBXResourcesBuildPhase section */
		EA11054B2443F87D00D0292F /* Resources */ = {
			isa = PBXResourcesBuildPhase;
			buildActionMask = 2147483647;
			files = (
				EA11055D2443F88300D0292F /* LaunchScreen.storyboard in Resources */,
				EA0606302443FF7A00EE63F5 /* GoogleService-Info.plist in Resources */,
				EA11055A2443F88300D0292F /* Assets.xcassets in Resources */,
				EA1105582443F87D00D0292F /* Main.storyboard in Resources */,
			);
			runOnlyForDeploymentPostprocessing = 0;
		};
/* End PBXResourcesBuildPhase section */

/* Begin PBXShellScriptBuildPhase section */
		7787321D637054ED199BDBB2 /* [CP] Check Pods Manifest.lock */ = {
			isa = PBXShellScriptBuildPhase;
			buildActionMask = 2147483647;
			files = (
			);
			inputFileListPaths = (
			);
			inputPaths = (
				"${PODS_PODFILE_DIR_PATH}/Podfile.lock",
				"${PODS_ROOT}/Manifest.lock",
			);
			name = "[CP] Check Pods Manifest.lock";
			outputFileListPaths = (
			);
			outputPaths = (
				"$(DERIVED_FILE_DIR)/Pods-Snacktacular-checkManifestLockResult.txt",
			);
			runOnlyForDeploymentPostprocessing = 0;
			shellPath = /bin/sh;
			shellScript = "diff \"${PODS_PODFILE_DIR_PATH}/Podfile.lock\" \"${PODS_ROOT}/Manifest.lock\" > /dev/null\nif [ $? != 0 ] ; then\n    # print error to STDERR\n    echo \"error: The sandbox is not in sync with the Podfile.lock. Run 'pod install' or update your CocoaPods installation.\" >&2\n    exit 1\nfi\n# This output is used by Xcode 'outputs' to avoid re-running this script phase.\necho \"SUCCESS\" > \"${SCRIPT_OUTPUT_FILE_0}\"\n";
			showEnvVarsInLog = 0;
		};
		953B36ABC8BADF4250103BBC /* [CP] Embed Pods Frameworks */ = {
			isa = PBXShellScriptBuildPhase;
			buildActionMask = 2147483647;
			files = (
			);
			inputFileListPaths = (
				"${PODS_ROOT}/Target Support Files/Pods-Snacktacular/Pods-Snacktacular-frameworks-${CONFIGURATION}-input-files.xcfilelist",
			);
			name = "[CP] Embed Pods Frameworks";
			outputFileListPaths = (
				"${PODS_ROOT}/Target Support Files/Pods-Snacktacular/Pods-Snacktacular-frameworks-${CONFIGURATION}-output-files.xcfilelist",
			);
			runOnlyForDeploymentPostprocessing = 0;
			shellPath = /bin/sh;
			shellScript = "\"${PODS_ROOT}/Target Support Files/Pods-Snacktacular/Pods-Snacktacular-frameworks.sh\"\n";
			showEnvVarsInLog = 0;
		};
		F02AF8075540B6F447D0974E /* [CP] Copy Pods Resources */ = {
			isa = PBXShellScriptBuildPhase;
			buildActionMask = 2147483647;
			files = (
			);
			inputFileListPaths = (
				"${PODS_ROOT}/Target Support Files/Pods-Snacktacular/Pods-Snacktacular-resources-${CONFIGURATION}-input-files.xcfilelist",
			);
			name = "[CP] Copy Pods Resources";
			outputFileListPaths = (
				"${PODS_ROOT}/Target Support Files/Pods-Snacktacular/Pods-Snacktacular-resources-${CONFIGURATION}-output-files.xcfilelist",
			);
			runOnlyForDeploymentPostprocessing = 0;
			shellPath = /bin/sh;
			shellScript = "\"${PODS_ROOT}/Target Support Files/Pods-Snacktacular/Pods-Snacktacular-resources.sh\"\n";
			showEnvVarsInLog = 0;
		};
/* End PBXShellScriptBuildPhase section */

/* Begin PBXSourcesBuildPhase section */
		EA1105492443F87D00D0292F /* Sources */ = {
			isa = PBXSourcesBuildPhase;
			buildActionMask = 2147483647;
			files = (
				EA1105552443F87D00D0292F /* ViewController.swift in Sources */,
				EA06063A244E021700EE63F5 /* ReviewTableViewController.swift in Sources */,
				EA11056D2443F95300D0292F /* SpotDetailViewController.swift in Sources */,
				EA1105512443F87D00D0292F /* AppDelegate.swift in Sources */,
				EA1105712443F9D300D0292F /* SpotPhotosCollectionViewCell.swift in Sources */,
				EA11056B2443F93600D0292F /* SpotsTableViewCell.swift in Sources */,
				EA06063E244E1CE200EE63F5 /* Reviews.swift in Sources */,
				EA1105692443F8F400D0292F /* SpotListViewController.swift in Sources */,
				EA1105672443F8D500D0292F /* Spot.swift in Sources */,
				EA060636244DEA1B00EE63F5 /* Double+roundTo.swift in Sources */,
				EA06063C244E103000EE63F5 /* Review.swift in Sources */,
				EA060638244DF22100EE63F5 /* UIView+addBorder.swift in Sources */,
				EA1105532443F87D00D0292F /* SceneDelegate.swift in Sources */,
				EA11056F2443F98F00D0292F /* SpotReviewsTableViewCell.swift in Sources */,
				EA1105652443F8BD00D0292F /* Spots.swift in Sources */,
			);
			runOnlyForDeploymentPostprocessing = 0;
		};
/* End PBXSourcesBuildPhase section */

/* Begin PBXVariantGroup section */
		EA1105562443F87D00D0292F /* Main.storyboard */ = {
			isa = PBXVariantGroup;
			children = (
				EA1105572443F87D00D0292F /* Base */,
			);
			name = Main.storyboard;
			sourceTree = "<group>";
		};
		EA11055B2443F88300D0292F /* LaunchScreen.storyboard */ = {
			isa = PBXVariantGroup;
			children = (
				EA11055C2443F88300D0292F /* Base */,
			);
			name = LaunchScreen.storyboard;
			sourceTree = "<group>";
		};
/* End PBXVariantGroup section */

/* Begin XCBuildConfiguration section */
		EA11055F2443F88300D0292F /* Debug */ = {
			isa = XCBuildConfiguration;
			buildSettings = {
				ALWAYS_SEARCH_USER_PATHS = NO;
				CLANG_ANALYZER_NONNULL = YES;
				CLANG_ANALYZER_NUMBER_OBJECT_CONVERSION = YES_AGGRESSIVE;
				CLANG_CXX_LANGUAGE_STANDARD = "gnu++14";
				CLANG_CXX_LIBRARY = "libc++";
				CLANG_ENABLE_MODULES = YES;
				CLANG_ENABLE_OBJC_ARC = YES;
				CLANG_ENABLE_OBJC_WEAK = YES;
				CLANG_WARN_BLOCK_CAPTURE_AUTORELEASING = YES;
				CLANG_WARN_BOOL_CONVERSION = YES;
				CLANG_WARN_COMMA = YES;
				CLANG_WARN_CONSTANT_CONVERSION = YES;
				CLANG_WARN_DEPRECATED_OBJC_IMPLEMENTATIONS = YES;
				CLANG_WARN_DIRECT_OBJC_ISA_USAGE = YES_ERROR;
				CLANG_WARN_DOCUMENTATION_COMMENTS = YES;
				CLANG_WARN_EMPTY_BODY = YES;
				CLANG_WARN_ENUM_CONVERSION = YES;
				CLANG_WARN_INFINITE_RECURSION = YES;
				CLANG_WARN_INT_CONVERSION = YES;
				CLANG_WARN_NON_LITERAL_NULL_CONVERSION = YES;
				CLANG_WARN_OBJC_IMPLICIT_RETAIN_SELF = YES;
				CLANG_WARN_OBJC_LITERAL_CONVERSION = YES;
				CLANG_WARN_OBJC_ROOT_CLASS = YES_ERROR;
				CLANG_WARN_RANGE_LOOP_ANALYSIS = YES;
				CLANG_WARN_STRICT_PROTOTYPES = YES;
				CLANG_WARN_SUSPICIOUS_MOVE = YES;
				CLANG_WARN_UNGUARDED_AVAILABILITY = YES_AGGRESSIVE;
				CLANG_WARN_UNREACHABLE_CODE = YES;
				CLANG_WARN__DUPLICATE_METHOD_MATCH = YES;
				COPY_PHASE_STRIP = NO;
				DEBUG_INFORMATION_FORMAT = dwarf;
				ENABLE_STRICT_OBJC_MSGSEND = YES;
				ENABLE_TESTABILITY = YES;
				GCC_C_LANGUAGE_STANDARD = gnu11;
				GCC_DYNAMIC_NO_PIC = NO;
				GCC_NO_COMMON_BLOCKS = YES;
				GCC_OPTIMIZATION_LEVEL = 0;
				GCC_PREPROCESSOR_DEFINITIONS = (
					"DEBUG=1",
					"$(inherited)",
				);
				GCC_WARN_64_TO_32_BIT_CONVERSION = YES;
				GCC_WARN_ABOUT_RETURN_TYPE = YES_ERROR;
				GCC_WARN_UNDECLARED_SELECTOR = YES;
				GCC_WARN_UNINITIALIZED_AUTOS = YES_AGGRESSIVE;
				GCC_WARN_UNUSED_FUNCTION = YES;
				GCC_WARN_UNUSED_VARIABLE = YES;
				IPHONEOS_DEPLOYMENT_TARGET = 13.2;
				MTL_ENABLE_DEBUG_INFO = INCLUDE_SOURCE;
				MTL_FAST_MATH = YES;
				ONLY_ACTIVE_ARCH = YES;
				SDKROOT = iphoneos;
				SWIFT_ACTIVE_COMPILATION_CONDITIONS = DEBUG;
				SWIFT_OPTIMIZATION_LEVEL = "-Onone";
			};
			name = Debug;
		};
		EA1105602443F88300D0292F /* Release */ = {
			isa = XCBuildConfiguration;
			buildSettings = {
				ALWAYS_SEARCH_USER_PATHS = NO;
				CLANG_ANALYZER_NONNULL = YES;
				CLANG_ANALYZER_NUMBER_OBJECT_CONVERSION = YES_AGGRESSIVE;
				CLANG_CXX_LANGUAGE_STANDARD = "gnu++14";
				CLANG_CXX_LIBRARY = "libc++";
				CLANG_ENABLE_MODULES = YES;
				CLANG_ENABLE_OBJC_ARC = YES;
				CLANG_ENABLE_OBJC_WEAK = YES;
				CLANG_WARN_BLOCK_CAPTURE_AUTORELEASING = YES;
				CLANG_WARN_BOOL_CONVERSION = YES;
				CLANG_WARN_COMMA = YES;
				CLANG_WARN_CONSTANT_CONVERSION = YES;
				CLANG_WARN_DEPRECATED_OBJC_IMPLEMENTATIONS = YES;
				CLANG_WARN_DIRECT_OBJC_ISA_USAGE = YES_ERROR;
				CLANG_WARN_DOCUMENTATION_COMMENTS = YES;
				CLANG_WARN_EMPTY_BODY = YES;
				CLANG_WARN_ENUM_CONVERSION = YES;
				CLANG_WARN_INFINITE_RECURSION = YES;
				CLANG_WARN_INT_CONVERSION = YES;
				CLANG_WARN_NON_LITERAL_NULL_CONVERSION = YES;
				CLANG_WARN_OBJC_IMPLICIT_RETAIN_SELF = YES;
				CLANG_WARN_OBJC_LITERAL_CONVERSION = YES;
				CLANG_WARN_OBJC_ROOT_CLASS = YES_ERROR;
				CLANG_WARN_RANGE_LOOP_ANALYSIS = YES;
				CLANG_WARN_STRICT_PROTOTYPES = YES;
				CLANG_WARN_SUSPICIOUS_MOVE = YES;
				CLANG_WARN_UNGUARDED_AVAILABILITY = YES_AGGRESSIVE;
				CLANG_WARN_UNREACHABLE_CODE = YES;
				CLANG_WARN__DUPLICATE_METHOD_MATCH = YES;
				COPY_PHASE_STRIP = NO;
				DEBUG_INFORMATION_FORMAT = "dwarf-with-dsym";
				ENABLE_NS_ASSERTIONS = NO;
				ENABLE_STRICT_OBJC_MSGSEND = YES;
				GCC_C_LANGUAGE_STANDARD = gnu11;
				GCC_NO_COMMON_BLOCKS = YES;
				GCC_WARN_64_TO_32_BIT_CONVERSION = YES;
				GCC_WARN_ABOUT_RETURN_TYPE = YES_ERROR;
				GCC_WARN_UNDECLARED_SELECTOR = YES;
				GCC_WARN_UNINITIALIZED_AUTOS = YES_AGGRESSIVE;
				GCC_WARN_UNUSED_FUNCTION = YES;
				GCC_WARN_UNUSED_VARIABLE = YES;
				IPHONEOS_DEPLOYMENT_TARGET = 13.2;
				MTL_ENABLE_DEBUG_INFO = NO;
				MTL_FAST_MATH = YES;
				SDKROOT = iphoneos;
				SWIFT_COMPILATION_MODE = wholemodule;
				SWIFT_OPTIMIZATION_LEVEL = "-O";
				VALIDATE_PRODUCT = YES;
			};
			name = Release;
		};
		EA1105622443F88300D0292F /* Debug */ = {
			isa = XCBuildConfiguration;
			baseConfigurationReference = DECA5AE1C8A55063D9D8E8FB /* Pods-Snacktacular.debug.xcconfig */;
			buildSettings = {
				ASSETCATALOG_COMPILER_APPICON_NAME = AppIcon;
				CODE_SIGN_STYLE = Automatic;
				DEVELOPMENT_TEAM = 7SJZABU66T;
				INFOPLIST_FILE = Snacktacular/Info.plist;
				LD_RUNPATH_SEARCH_PATHS = (
					"$(inherited)",
					"@executable_path/Frameworks",
				);
				PRODUCT_BUNDLE_IDENTIFIER = com.example.Snacktacular;
				PRODUCT_NAME = "$(TARGET_NAME)";
				SWIFT_VERSION = 5.0;
				TARGETED_DEVICE_FAMILY = "1,2";
			};
			name = Debug;
		};
		EA1105632443F88300D0292F /* Release */ = {
			isa = XCBuildConfiguration;
			baseConfigurationReference = D5AA5FF2C69AC9C7ADA0EADA /* Pods-Snacktacular.release.xcconfig */;
			buildSettings = {
				ASSETCATALOG_COMPILER_APPICON_NAME = AppIcon;
				CODE_SIGN_STYLE = Automatic;
				DEVELOPMENT_TEAM = 7SJZABU66T;
				INFOPLIST_FILE = Snacktacular/Info.plist;
				LD_RUNPATH_SEARCH_PATHS = (
					"$(inherited)",
					"@executable_path/Frameworks",
				);
				PRODUCT_BUNDLE_IDENTIFIER = com.example.Snacktacular;
				PRODUCT_NAME = "$(TARGET_NAME)";
				SWIFT_VERSION = 5.0;
				TARGETED_DEVICE_FAMILY = "1,2";
			};
			name = Release;
		};
/* End XCBuildConfiguration section */

/* Begin XCConfigurationList section */
		EA1105482443F87D00D0292F /* Build configuration list for PBXProject "Snacktacular" */ = {
			isa = XCConfigurationList;
			buildConfigurations = (
				EA11055F2443F88300D0292F /* Debug */,
				EA1105602443F88300D0292F /* Release */,
			);
			defaultConfigurationIsVisible = 0;
			defaultConfigurationName = Release;
		};
		EA1105612443F88300D0292F /* Build configuration list for PBXNativeTarget "Snacktacular" */ = {
			isa = XCConfigurationList;
			buildConfigurations = (
				EA1105622443F88300D0292F /* Debug */,
				EA1105632443F88300D0292F /* Release */,
			);
			defaultConfigurationIsVisible = 0;
			defaultConfigurationName = Release;
		};
/* End XCConfigurationList section */
	};
	rootObject = EA1105452443F87D00D0292F /* Project object */;
}
